PODS:
  - AFNetworking (4.0.1):
    - AFNetworking/NSURLSession (= 4.0.1)
    - AFNetworking/Reachability (= 4.0.1)
    - AFNetworking/Security (= 4.0.1)
    - AFNetworking/Serialization (= 4.0.1)
    - AFNetworking/UIKit (= 4.0.1)
  - AFNetworking/NSURLSession (4.0.1):
    - AFNetworking/Reachability
    - AFNetworking/Security
    - AFNetworking/Serialization
  - AFNetworking/Reachability (4.0.1)
  - AFNetworking/Security (4.0.1)
  - AFNetworking/Serialization (4.0.1)
  - AFNetworking/UIKit (4.0.1):
    - AFNetworking/NSURLSession
  - Masonry (1.1.0)
  - SDWebImage (5.21.6):
    - SDWebImage/Core (= 5.21.6)
  - SDWebImage/Core (5.21.6)
  - WCDB.objc (2.1.15):
    - WCDBOptimizedSQLCipher (= 1.4.8)
  - WCDBOptimizedSQLCipher (1.4.8)
  - YYModel (1.0.4)

DEPENDENCIES:
  - AFNetworking
  - Masonry
  - SDWebImage
  - WCDB.objc
  - YYModel

SPEC REPOS:
  trunk:
    - AFNetworking
    - Masonry
    - SDWebImage
    - WCDB.objc
    - WCDBOptimizedSQLCipher
    - YYModel

SPEC CHECKSUMS:
  AFNetworking: 3bd23d814e976cd148d7d44c3ab78017b744cd58
  Masonry: 678fab65091a9290e40e2832a55e7ab731aad201
  SDWebImage: 1bb6a1b84b6fe87b972a102bdc77dd589df33477
  WCDB.objc: 35650ab6d455a4a865d94d95436b1ddc865479af
  WCDBOptimizedSQLCipher: 871994f7f620302fdf87a2729c099a1efa2223da
  YYModel: 2a7fdd96aaa4b86a824e26d0c517de8928c04b30

PODFILE CHECKSUM: 88d4f857b67fd16d8539ae59e36a5699aa52f9cf

COCOAPODS: 1.16.2
