// !$*UTF8*$!
{
	archiveVersion = 1;
	classes = {
	};
	objectVersion = 77;
	objects = {

/* Begin PBXBuildFile section */
		7CBBD1EBB8B78B8F9DFC195C /* Pods_MemoryCityUITests.framework in Frameworks */ = {isa = PBXBuildFile; fileRef = F4847AEFE6C1C11368258D76 /* Pods_MemoryCityUITests.framework */; };
		DF0F30276EADE3ED1F2DCFAE /* Pods_MemoryCity.framework in Frameworks */ = {isa = PBXBuildFile; fileRef = A99E437064264BEB2A45AE98 /* Pods_MemoryCity.framework */; };
		E252A91F16946DA59861644F /* Pods_MemoryCityTests.framework in Frameworks */ = {isa = PBXBuildFile; fileRef = F6DCC8160847E1107FE6322D /* Pods_MemoryCityTests.framework */; };
/* End PBXBuildFile section */

/* Begin PBXContainerItemProxy section */
		4BDE113A2F5EE6F000360967 /* PBXContainerItemProxy */ = {
			isa = PBXContainerItemProxy;
			containerPortal = 4BDE11162F5EE6ED00360967 /* Project object */;
			proxyType = 1;
			remoteGlobalIDString = 4BDE111D2F5EE6ED00360967;
			remoteInfo = MemoryCity;
		};
		4BDE11442F5EE6F000360967 /* PBXContainerItemProxy */ = {
			isa = PBXContainerItemProxy;
			containerPortal = 4BDE11162F5EE6ED00360967 /* Project object */;
			proxyType = 1;
			remoteGlobalIDString = 4BDE111D2F5EE6ED00360967;
			remoteInfo = MemoryCity;
		};
/* End PBXContainerItemProxy section */

/* Begin PBXFileReference section */
		4BDE111E2F5EE6ED00360967 /* MemoryCity.app */ = {isa = PBXFileReference; explicitFileType = wrapper.application; includeInIndex = 0; path = MemoryCity.app; sourceTree = BUILT_PRODUCTS_DIR; };
		4BDE11392F5EE6F000360967 /* MemoryCityTests.xctest */ = {isa = PBXFileReference; explicitFileType = wrapper.cfbundle; includeInIndex = 0; path = MemoryCityTests.xctest; sourceTree = BUILT_PRODUCTS_DIR; };
		4BDE11432F5EE6F000360967 /* MemoryCityUITests.xctest */ = {isa = PBXFileReference; explicitFileType = wrapper.cfbundle; includeInIndex = 0; path = MemoryCityUITests.xctest; sourceTree = BUILT_PRODUCTS_DIR; };
		60A7A78D86C3810DBDF62CD8 /* Pods-MemoryCityUITests.debug.xcconfig */ = {isa = PBXFileReference; includeInIndex = 1; lastKnownFileType = text.xcconfig; name = "Pods-MemoryCityUITests.debug.xcconfig"; path = "Target Support Files/Pods-MemoryCityUITests/Pods-MemoryCityUITests.debug.xcconfig"; sourceTree = "<group>"; };
		76A88494B379805D445F8976 /* Pods-MemoryCity.release.xcconfig */ = {isa = PBXFileReference; includeInIndex = 1; lastKnownFileType = text.xcconfig; name = "Pods-MemoryCity.release.xcconfig"; path = "Target Support Files/Pods-MemoryCity/Pods-MemoryCity.release.xcconfig"; sourceTree = "<group>"; };
		7887A5F3F83D378A4E273D38 /* Pods-MemoryCityTests.debug.xcconfig */ = {isa = PBXFileReference; includeInIndex = 1; lastKnownFileType = text.xcconfig; name = "Pods-MemoryCityTests.debug.xcconfig"; path = "Target Support Files/Pods-MemoryCityTests/Pods-MemoryCityTests.debug.xcconfig"; sourceTree = "<group>"; };
		A99E437064264BEB2A45AE98 /* Pods_MemoryCity.framework */ = {isa = PBXFileReference; explicitFileType = wrapper.framework; includeInIndex = 0; path = Pods_MemoryCity.framework; sourceTree = BUILT_PRODUCTS_DIR; };
		D547057C0CBB20FC22D3D255 /* Pods-MemoryCity.debug.xcconfig */ = {isa = PBXFileReference; includeInIndex = 1; lastKnownFileType = text.xcconfig; name = "Pods-MemoryCity.debug.xcconfig"; path = "Target Support Files/Pods-MemoryCity/Pods-MemoryCity.debug.xcconfig"; sourceTree = "<group>"; };
		DC2B01DB55BA3261DD3AA233 /* Pods-MemoryCityTests.release.xcconfig */ = {isa = PBXFileReference; includeInIndex = 1; lastKnownFileType = text.xcconfig; name = "Pods-MemoryCityTests.release.xcconfig"; path = "Target Support Files/Pods-MemoryCityTests/Pods-MemoryCityTests.release.xcconfig"; sourceTree = "<group>"; };
		DE2DCE137CF0AEFF2B947445 /* Pods-MemoryCityUITests.release.xcconfig */ = {isa = PBXFileReference; includeInIndex = 1; lastKnownFileType = text.xcconfig; name = "Pods-MemoryCityUITests.release.xcconfig"; path = "Target Support Files/Pods-MemoryCityUITests/Pods-MemoryCityUITests.release.xcconfig"; sourceTree = "<group>"; };
		F4847AEFE6C1C11368258D76 /* Pods_MemoryCityUITests.framework */ = {isa = PBXFileReference; explicitFileType = wrapper.framework; includeInIndex = 0; path = Pods_MemoryCityUITests.framework; sourceTree = BUILT_PRODUCTS_DIR; };
		F6DCC8160847E1107FE6322D /* Pods_MemoryCityTests.framework */ = {isa = PBXFileReference; explicitFileType = wrapper.framework; includeInIndex = 0; path = Pods_MemoryCityTests.framework; sourceTree = BUILT_PRODUCTS_DIR; };
/* End PBXFileReference section */

/* Begin PBXFileSystemSynchronizedBuildFileExceptionSet section */
		4BDE114B2F5EE6F000360967 /* Exceptions for "MemoryCity" folder in "MemoryCity" target */ = {
			isa = PBXFileSystemSynchronizedBuildFileExceptionSet;
			membershipExceptions = (
				Info.plist,
			);
			target = 4BDE111D2F5EE6ED00360967 /* MemoryCity */;
		};
/* End PBXFileSystemSynchronizedBuildFileExceptionSet section */

/* Begin PBXFileSystemSynchronizedRootGroup section */
		4BDE11202F5EE6ED00360967 /* MemoryCity */ = {
			isa = PBXFileSystemSynchronizedRootGroup;
			exceptions = (
				4BDE114B2F5EE6F000360967 /* Exceptions for "MemoryCity" folder in "MemoryCity" target */,
			);
			path = MemoryCity;
			sourceTree = "<group>";
		};
		4BDE113C2F5EE6F000360967 /* MemoryCityTests */ = {
			isa = PBXFileSystemSynchronizedRootGroup;
			path = MemoryCityTests;
			sourceTree = "<group>";
		};
		4BDE11462F5EE6F000360967 /* MemoryCityUITests */ = {
			isa = PBXFileSystemSynchronizedRootGroup;
			path = MemoryCityUITests;
			sourceTree = "<group>";
		};
/* End PBXFileSystemSynchronizedRootGroup section */

/* Begin PBXFrameworksBuildPhase section */
		4BDE111B2F5EE6ED00360967 /* Frameworks */ = {
			isa = PBXFrameworksBuildPhase;
			buildActionMask = 2147483647;
			files = (
				DF0F30276EADE3ED1F2DCFAE /* Pods_MemoryCity.framework in Frameworks */,
			);
			runOnlyForDeploymentPostprocessing = 0;
		};
		4BDE11362F5EE6F000360967 /* Frameworks */ = {
			isa = PBXFrameworksBuildPhase;
			buildActionMask = 2147483647;
			files = (
				E252A91F16946DA59861644F /* Pods_MemoryCityTests.framework in Frameworks */,
			);
			runOnlyForDeploymentPostprocessing = 0;
		};
		4BDE11402F5EE6F000360967 /* Frameworks */ = {
			isa = PBXFrameworksBuildPhase;
			buildActionMask = 2147483647;
			files = (
				7CBBD1EBB8B78B8F9DFC195C /* Pods_MemoryCityUITests.framework in Frameworks */,
			);
			runOnlyForDeploymentPostprocessing = 0;
		};
/* End PBXFrameworksBuildPhase section */

/* Begin PBXGroup section */
		4BDE11152F5EE6ED00360967 = {
			isa = PBXGroup;
			children = (
				4BDE11202F5EE6ED00360967 /* MemoryCity */,
				4BDE113C2F5EE6F000360967 /* MemoryCityTests */,
				4BDE11462F5EE6F000360967 /* MemoryCityUITests */,
				4BDE111F2F5EE6ED00360967 /* Products */,
				F5BC7F0BACD112316B8EA9C5 /* Pods */,
				E9DCB64E447C3BAFA400F18A /* Frameworks */,
			);
			sourceTree = "<group>";
		};
		4BDE111F2F5EE6ED00360967 /* Products */ = {
			isa = PBXGroup;
			children = (
				4BDE111E2F5EE6ED00360967 /* MemoryCity.app */,
				4BDE11392F5EE6F000360967 /* MemoryCityTests.xctest */,
				4BDE11432F5EE6F000360967 /* MemoryCityUITests.xctest */,
			);
			name = Products;
			sourceTree = "<group>";
		};
		E9DCB64E447C3BAFA400F18A /* Frameworks */ = {
			isa = PBXGroup;
			children = (
				A99E437064264BEB2A45AE98 /* Pods_MemoryCity.framework */,
				F6DCC8160847E1107FE6322D /* Pods_MemoryCityTests.framework */,
				F4847AEFE6C1C11368258D76 /* Pods_MemoryCityUITests.framework */,
			);
			name = Frameworks;
			sourceTree = "<group>";
		};
		F5BC7F0BACD112316B8EA9C5 /* Pods */ = {
			isa = PBXGroup;
			children = (
				D547057C0CBB20FC22D3D255 /* Pods-MemoryCity.debug.xcconfig */,
				76A88494B379805D445F8976 /* Pods-MemoryCity.release.xcconfig */,
				7887A5F3F83D378A4E273D38 /* Pods-MemoryCityTests.debug.xcconfig */,
				DC2B01DB55BA3261DD3AA233 /* Pods-MemoryCityTests.release.xcconfig */,
				60A7A78D86C3810DBDF62CD8 /* Pods-MemoryCityUITests.debug.xcconfig */,
				DE2DCE137CF0AEFF2B947445 /* Pods-MemoryCityUITests.release.xcconfig */,
			);
			path = Pods;
			sourceTree = "<group>";
		};
/* End PBXGroup section */

/* Begin PBXNativeTarget section */
		4BDE111D2F5EE6ED00360967 /* MemoryCity */ = {
			isa = PBXNativeTarget;
			buildConfigurationList = 4BDE114C2F5EE6F000360967 /* Build configuration list for PBXNativeTarget "MemoryCity" */;
			buildPhases = (
				6345A452176C8E15874E1387 /* [CP] Check Pods Manifest.lock */,
				4BDE111A2F5EE6ED00360967 /* Sources */,
				4BDE111B2F5EE6ED00360967 /* Frameworks */,
				4BDE111C2F5EE6ED00360967 /* Resources */,
				A9E47AC6D42EC7A9C7CD51B0 /* [CP] Embed Pods Frameworks */,
			);
			buildRules = (
			);
			dependencies = (
			);
			fileSystemSynchronizedGroups = (
				4BDE11202F5EE6ED00360967 /* MemoryCity */,
			);
			name = MemoryCity;
			productName = MemoryCity;
			productReference = 4BDE111E2F5EE6ED00360967 /* MemoryCity.app */;
			productType = "com.apple.product-type.application";
		};
		4BDE11382F5EE6F000360967 /* MemoryCityTests */ = {
			isa = PBXNativeTarget;
			buildConfigurationList = 4BDE11512F5EE6F000360967 /* Build configuration list for PBXNativeTarget "MemoryCityTests" */;
			buildPhases = (
				BD111A334C772818C0882D47 /* [CP] Check Pods Manifest.lock */,
				4BDE11352F5EE6F000360967 /* Sources */,
				4BDE11362F5EE6F000360967 /* Frameworks */,
				4BDE11372F5EE6F000360967 /* Resources */,
			);
			buildRules = (
			);
			dependencies = (
				4BDE113B2F5EE6F000360967 /* PBXTargetDependency */,
			);
			fileSystemSynchronizedGroups = (
				4BDE113C2F5EE6F000360967 /* MemoryCityTests */,
			);
			name = MemoryCityTests;
			productName = MemoryCityTests;
			productReference = 4BDE11392F5EE6F000360967 /* MemoryCityTests.xctest */;
			productType = "com.apple.product-type.bundle.unit-test";
		};
		4BDE11422F5EE6F000360967 /* MemoryCityUITests */ = {
			isa = PBXNativeTarget;
			buildConfigurationList = 4BDE11542F5EE6F000360967 /* Build configuration list for PBXNativeTarget "MemoryCityUITests" */;
			buildPhases = (
				EA82D6C2DB7556753B6DC533 /* [CP] Check Pods Manifest.lock */,
				4BDE113F2F5EE6F000360967 /* Sources */,
				4BDE11402F5EE6F000360967 /* Frameworks */,
				4BDE11412F5EE6F000360967 /* Resources */,
			);
			buildRules = (
			);
			dependencies = (
				4BDE11452F5EE6F000360967 /* PBXTargetDependency */,
			);
			fileSystemSynchronizedGroups = (
				4BDE11462F5EE6F000360967 /* MemoryCityUITests */,
			);
			name = MemoryCityUITests;
			productName = MemoryCityUITests;
			productReference = 4BDE11432F5EE6F000360967 /* MemoryCityUITests.xctest */;
			productType = "com.apple.product-type.bundle.ui-testing";
		};
/* End PBXNativeTarget section */

/* Begin PBXProject section */
		4BDE11162F5EE6ED00360967 /* Project object */ = {
			isa = PBXProject;
			attributes = {
				BuildIndependentTargetsInParallel = 1;
				LastUpgradeCheck = 1630;
				TargetAttributes = {
					4BDE111D2F5EE6ED00360967 = {
						CreatedOnToolsVersion = 16.3;
					};
					4BDE11382F5EE6F000360967 = {
						CreatedOnToolsVersion = 16.3;
						TestTargetID = 4BDE111D2F5EE6ED00360967;
					};
					4BDE11422F5EE6F000360967 = {
						CreatedOnToolsVersion = 16.3;
						TestTargetID = 4BDE111D2F5EE6ED00360967;
					};
				};
			};
			buildConfigurationList = 4BDE11192F5EE6ED00360967 /* Build configuration list for PBXProject "MemoryCity" */;
			developmentRegion = en;
			hasScannedForEncodings = 0;
			knownRegions = (
				en,
				Base,
			);
			mainGroup = 4BDE11152F5EE6ED00360967;
			minimizedProjectReferenceProxies = 1;
			preferredProjectObjectVersion = 77;
			productRefGroup = 4BDE111F2F5EE6ED00360967 /* Products */;
			projectDirPath = "";
			projectRoot = "";
			targets = (
				4BDE111D2F5EE6ED00360967 /* MemoryCity */,
				4BDE11382F5EE6F000360967 /* MemoryCityTests */,
				4BDE11422F5EE6F000360967 /* MemoryCityUITests */,
			);
		};
/* End PBXProject section */

/* Begin PBXResourcesBuildPhase section */
		4BDE111C2F5EE6ED00360967 /* Resources */ = {
			isa = PBXResourcesBuildPhase;
			buildActionMask = 2147483647;
			files = (
			);
			runOnlyForDeploymentPostprocessing = 0;
		};
		4BDE11372F5EE6F000360967 /* Resources */ = {
			isa = PBXResourcesBuildPhase;
			buildActionMask = 2147483647;
			files = (
			);
			runOnlyForDeploymentPostprocessing = 0;
		};
		4BDE11412F5EE6F000360967 /* Resources */ = {
			isa = PBXResourcesBuildPhase;
			buildActionMask = 2147483647;
			files = (
			);
			runOnlyForDeploymentPostprocessing = 0;
		};
/* End PBXResourcesBuildPhase section */

/* Begin PBXShellScriptBuildPhase section */
		6345A452176C8E15874E1387 /* [CP] Check Pods Manifest.lock */ = {
			isa = PBXShellScriptBuildPhase;
			buildActionMask = 2147483647;
			files = (
			);
			inputFileListPaths = (
			);
			inputPaths = (
				"${PODS_PODFILE_DIR_PATH}/Podfile.lock",
				"${PODS_ROOT}/Manifest.lock",
			);
			name = "[CP] Check Pods Manifest.lock";
			outputFileListPaths = (
			);
			outputPaths = (
				"$(DERIVED_FILE_DIR)/Pods-MemoryCity-checkManifestLockResult.txt",
			);
			runOnlyForDeploymentPostprocessing = 0;
			shellPath = /bin/sh;
			shellScript = "diff \"${PODS_PODFILE_DIR_PATH}/Podfile.lock\" \"${PODS_ROOT}/Manifest.lock\" > /dev/null\nif [ $? != 0 ] ; then\n    # print error to STDERR\n    echo \"error: The sandbox is not in sync with the Podfile.lock. Run 'pod install' or update your CocoaPods installation.\" >&2\n    exit 1\nfi\n# This output is used by Xcode 'outputs' to avoid re-running this script phase.\necho \"SUCCESS\" > \"${SCRIPT_OUTPUT_FILE_0}\"\n";
			showEnvVarsInLog = 0;
		};
		A9E47AC6D42EC7A9C7CD51B0 /* [CP] Embed Pods Frameworks */ = {
			isa = PBXShellScriptBuildPhase;
			buildActionMask = 2147483647;
			files = (
			);
			inputFileListPaths = (
				"${PODS_ROOT}/Target Support Files/Pods-MemoryCity/Pods-MemoryCity-frameworks-${CONFIGURATION}-input-files.xcfilelist",
			);
			inputPaths = (
			);
			name = "[CP] Embed Pods Frameworks";
			outputFileListPaths = (
				"${PODS_ROOT}/Target Support Files/Pods-MemoryCity/Pods-MemoryCity-frameworks-${CONFIGURATION}-output-files.xcfilelist",
			);
			outputPaths = (
			);
			runOnlyForDeploymentPostprocessing = 0;
			shellPath = /bin/sh;
			shellScript = "\"${PODS_ROOT}/Target Support Files/Pods-MemoryCity/Pods-MemoryCity-frameworks.sh\"\n";
			showEnvVarsInLog = 0;
		};
		BD111A334C772818C0882D47 /* [CP] Check Pods Manifest.lock */ = {
			isa = PBXShellScriptBuildPhase;
			buildActionMask = 2147483647;
			files = (
			);
			inputFileListPaths = (
			);
			inputPaths = (
				"${PODS_PODFILE_DIR_PATH}/Podfile.lock",
				"${PODS_ROOT}/Manifest.lock",
			);
			name = "[CP] Check Pods Manifest.lock";
			outputFileListPaths = (
			);
			outputPaths = (
				"$(DERIVED_FILE_DIR)/Pods-MemoryCityTests-checkManifestLockResult.txt",
			);
			runOnlyForDeploymentPostprocessing = 0;
			shellPath = /bin/sh;
			shellScript = "diff \"${PODS_PODFILE_DIR_PATH}/Podfile.lock\" \"${PODS_ROOT}/Manifest.lock\" > /dev/null\nif [ $? != 0 ] ; then\n    # print error to STDERR\n    echo \"error: The sandbox is not in sync with the Podfile.lock. Run 'pod install' or update your CocoaPods installation.\" >&2\n    exit 1\nfi\n# This output is used by Xcode 'outputs' to avoid re-running this script phase.\necho \"SUCCESS\" > \"${SCRIPT_OUTPUT_FILE_0}\"\n";
			showEnvVarsInLog = 0;
		};
		EA82D6C2DB7556753B6DC533 /* [CP] Check Pods Manifest.lock */ = {
			isa = PBXShellScriptBuildPhase;
			buildActionMask = 2147483647;
			files = (
			);
			inputFileListPaths = (
			);
			inputPaths = (
				"${PODS_PODFILE_DIR_PATH}/Podfile.lock",
				"${PODS_ROOT}/Manifest.lock",
			);
			name = "[CP] Check Pods Manifest.lock";
			outputFileListPaths = (
			);
			outputPaths = (
				"$(DERIVED_FILE_DIR)/Pods-MemoryCityUITests-checkManifestLockResult.txt",
			);
			runOnlyForDeploymentPostprocessing = 0;
			shellPath = /bin/sh;
			shellScript = "diff \"${PODS_PODFILE_DIR_PATH}/Podfile.lock\" \"${PODS_ROOT}/Manifest.lock\" > /dev/null\nif [ $? != 0 ] ; then\n    # print error to STDERR\n    echo \"error: The sandbox is not in sync with the Podfile.lock. Run 'pod install' or update your CocoaPods installation.\" >&2\n    exit 1\nfi\n# This output is used by Xcode 'outputs' to avoid re-running this script phase.\necho \"SUCCESS\" > \"${SCRIPT_OUTPUT_FILE_0}\"\n";
			showEnvVarsInLog = 0;
		};
/* End PBXShellScriptBuildPhase section */

/* Begin PBXSourcesBuildPhase section */
		4BDE111A2F5EE6ED00360967 /* Sources */ = {
			isa = PBXSourcesBuildPhase;
			buildActionMask = 2147483647;
			files = (
			);
			runOnlyForDeploymentPostprocessing = 0;
		};
		4BDE11352F5EE6F000360967 /* Sources */ = {
			isa = PBXSourcesBuildPhase;
			buildActionMask = 2147483647;
			files = (
			);
			runOnlyForDeploymentPostprocessing = 0;
		};
		4BDE113F2F5EE6F000360967 /* Sources */ = {
			isa = PBXSourcesBuildPhase;
			buildActionMask = 2147483647;
			files = (
			);
			runOnlyForDeploymentPostprocessing = 0;
		};
/* End PBXSourcesBuildPhase section */

/* Begin PBXTargetDependency section */
		4BDE113B2F5EE6F000360967 /* PBXTargetDependency */ = {
			isa = PBXTargetDependency;
			target = 4BDE111D2F5EE6ED00360967 /* MemoryCity */;
			targetProxy = 4BDE113A2F5EE6F000360967 /* PBXContainerItemProxy */;
		};
		4BDE11452F5EE6F000360967 /* PBXTargetDependency */ = {
			isa = PBXTargetDependency;
			target = 4BDE111D2F5EE6ED00360967 /* MemoryCity */;
			targetProxy = 4BDE11442F5EE6F000360967 /* PBXContainerItemProxy */;
		};
/* End PBXTargetDependency section */

/* Begin XCBuildConfiguration section */
		4BDE114D2F5EE6F000360967 /* Debug */ = {
			isa = XCBuildConfiguration;
			baseConfigurationReference = D547057C0CBB20FC22D3D255 /* Pods-MemoryCity.debug.xcconfig */;
			buildSettings = {
				ASSETCATALOG_COMPILER_APPICON_NAME = AppIcon;
				ASSETCATALOG_COMPILER_GLOBAL_ACCENT_COLOR_NAME = AccentColor;
				CODE_SIGN_STYLE = Automatic;
				CURRENT_PROJECT_VERSION = 1;
				DEVELOPMENT_TEAM = JASSJ2R9D6;
				ENABLE_USER_SCRIPT_SANDBOXING = NO;
				GENERATE_INFOPLIST_FILE = YES;
				INFOPLIST_FILE = MemoryCity/Info.plist;
				INFOPLIST_KEY_UIApplicationSupportsIndirectInputEvents = YES;
				INFOPLIST_KEY_UILaunchStoryboardName = LaunchScreen;
				INFOPLIST_KEY_UIMainStoryboardFile = Main;
				INFOPLIST_KEY_UISupportedInterfaceOrientations_iPad = "UIInterfaceOrientationPortrait UIInterfaceOrientationPortraitUpsideDown UIInterfaceOrientationLandscapeLeft UIInterfaceOrientationLandscapeRight";
				INFOPLIST_KEY_UISupportedInterfaceOrientations_iPhone = "UIInterfaceOrientationPortrait UIInterfaceOrientationLandscapeLeft UIInterfaceOrientationLandscapeRight";
				LD_RUNPATH_SEARCH_PATHS = (
					"$(inherited)",
					"@executable_path/Frameworks",
				);
				MARKETING_VERSION = 1.0;
				PRODUCT_BUNDLE_IDENTIFIER = y.MemoryCity;
				PRODUCT_NAME = "$(TARGET_NAME)";
				SWIFT_EMIT_LOC_STRINGS = YES;
				TARGETED_DEVICE_FAMILY = "1,2";
			};
			name = Debug;
		};
		4BDE114E2F5EE6F000360967 /* Release */ = {
			isa = XCBuildConfiguration;
			baseConfigurationReference = 76A88494B379805D445F8976 /* Pods-MemoryCity.release.xcconfig */;
			buildSettings = {
				ASSETCATALOG_COMPILER_APPICON_NAME = AppIcon;
				ASSETCATALOG_COMPILER_GLOBAL_ACCENT_COLOR_NAME = AccentColor;
				CODE_SIGN_STYLE = Automatic;
				CURRENT_PROJECT_VERSION = 1;
				DEVELOPMENT_TEAM = JASSJ2R9D6;
				ENABLE_USER_SCRIPT_SANDBOXING = NO;
				GENERATE_INFOPLIST_FILE = YES;
				INFOPLIST_FILE = MemoryCity/Info.plist;
				INFOPLIST_KEY_UIApplicationSupportsIndirectInputEvents = YES;
				INFOPLIST_KEY_UILaunchStoryboardName = LaunchScreen;
				INFOPLIST_KEY_UIMainStoryboardFile = Main;
				INFOPLIST_KEY_UISupportedInterfaceOrientations_iPad = "UIInterfaceOrientationPortrait UIInterfaceOrientationPortraitUpsideDown UIInterfaceOrientationLandscapeLeft UIInterfaceOrientationLandscapeRight";
				INFOPLIST_KEY_UISupportedInterfaceOrientations_iPhone = "UIInterfaceOrientationPortrait UIInterfaceOrientationLandscapeLeft UIInterfaceOrientationLandscapeRight";
				LD_RUNPATH_SEARCH_PATHS = (
					"$(inherited)",
					"@executable_path/Frameworks",
				);
				MARKETING_VERSION = 1.0;
				PRODUCT_BUNDLE_IDENTIFIER = y.MemoryCity;
				PRODUCT_NAME = "$(TARGET_NAME)";
				SWIFT_EMIT_LOC_STRINGS = YES;
				TARGETED_DEVICE_FAMILY = "1,2";
			};
			name = Release;
		};
		4BDE114F2F5EE6F000360967 /* Debug */ = {
			isa = XCBuildConfiguration;
			buildSettings = {
				ALWAYS_SEARCH_USER_PATHS = NO;
				ASSETCATALOG_COMPILER_GENERATE_SWIFT_ASSET_SYMBOL_EXTENSIONS = YES;
				CLANG_ANALYZER_NONNULL = YES;
				CLANG_ANALYZER_NUMBER_OBJECT_CONVERSION = YES_AGGRESSIVE;
				CLANG_CXX_LANGUAGE_STANDARD = "gnu++20";
				CLANG_ENABLE_MODULES = YES;
				CLANG_ENABLE_OBJC_ARC = YES;
				CLANG_ENABLE_OBJC_WEAK = YES;
				CLANG_WARN_BLOCK_CAPTURE_AUTORELEASING = YES;
				CLANG_WARN_BOOL_CONVERSION = YES;
				CLANG_WARN_COMMA = YES;
				CLANG_WARN_CONSTANT_CONVERSION = YES;
				CLANG_WARN_DEPRECATED_OBJC_IMPLEMENTATIONS = YES;
				CLANG_WARN_DIRECT_OBJC_ISA_USAGE = YES_ERROR;
				CLANG_WARN_DOCUMENTATION_COMMENTS = YES;
				CLANG_WARN_EMPTY_BODY = YES;
				CLANG_WARN_ENUM_CONVERSION = YES;
				CLANG_WARN_INFINITE_RECURSION = YES;
				CLANG_WARN_INT_CONVERSION = YES;
				CLANG_WARN_NON_LITERAL_NULL_CONVERSION = YES;
				CLANG_WARN_OBJC_IMPLICIT_RETAIN_SELF = YES;
				CLANG_WARN_OBJC_LITERAL_CONVERSION = YES;
				CLANG_WARN_OBJC_ROOT_CLASS = YES_ERROR;
				CLANG_WARN_QUOTED_INCLUDE_IN_FRAMEWORK_HEADER = YES;
				CLANG_WARN_RANGE_LOOP_ANALYSIS = YES;
				CLANG_WARN_STRICT_PROTOTYPES = YES;
				CLANG_WARN_SUSPICIOUS_MOVE = YES;
				CLANG_WARN_UNGUARDED_AVAILABILITY = YES_AGGRESSIVE;
				CLANG_WARN_UNREACHABLE_CODE = YES;
				CLANG_WARN__DUPLICATE_METHOD_MATCH = YES;
				COPY_PHASE_STRIP = NO;
				DEBUG_INFORMATION_FORMAT = dwarf;
				ENABLE_STRICT_OBJC_MSGSEND = YES;
				ENABLE_TESTABILITY = YES;
				ENABLE_USER_SCRIPT_SANDBOXING = YES;
				GCC_C_LANGUAGE_STANDARD = gnu17;
				GCC_DYNAMIC_NO_PIC = NO;
				GCC_NO_COMMON_BLOCKS = YES;
				GCC_OPTIMIZATION_LEVEL = 0;
				GCC_PREPROCESSOR_DEFINITIONS = (
					"DEBUG=1",
					"$(inherited)",
				);
				GCC_WARN_64_TO_32_BIT_CONVERSION = YES;
				GCC_WARN_ABOUT_RETURN_TYPE = YES_ERROR;
				GCC_WARN_UNDECLARED_SELECTOR = YES;
				GCC_WARN_UNINITIALIZED_AUTOS = YES_AGGRESSIVE;
				GCC_WARN_UNUSED_FUNCTION = YES;
				GCC_WARN_UNUSED_VARIABLE = YES;
				IPHONEOS_DEPLOYMENT_TARGET = 18.4;
				LOCALIZATION_PREFERS_STRING_CATALOGS = YES;
				MTL_ENABLE_DEBUG_INFO = INCLUDE_SOURCE;
				MTL_FAST_MATH = YES;
				ONLY_ACTIVE_ARCH = YES;
				SDKROOT = iphoneos;
			};
			name = Debug;
		};
		4BDE11502F5EE6F000360967 /* Release */ = {
			isa = XCBuildConfiguration;
			buildSettings = {
				ALWAYS_SEARCH_USER_PATHS = NO;
				ASSETCATALOG_COMPILER_GENERATE_SWIFT_ASSET_SYMBOL_EXTENSIONS = YES;
				CLANG_ANALYZER_NONNULL = YES;
				CLANG_ANALYZER_NUMBER_OBJECT_CONVERSION = YES_AGGRESSIVE;
				CLANG_CXX_LANGUAGE_STANDARD = "gnu++20";
				CLANG_ENABLE_MODULES = YES;
				CLANG_ENABLE_OBJC_ARC = YES;
				CLANG_ENABLE_OBJC_WEAK = YES;
				CLANG_WARN_BLOCK_CAPTURE_AUTORELEASING = YES;
				CLANG_WARN_BOOL_CONVERSION = YES;
				CLANG_WARN_COMMA = YES;
				CLANG_WARN_CONSTANT_CONVERSION = YES;
				CLANG_WARN_DEPRECATED_OBJC_IMPLEMENTATIONS = YES;
				CLANG_WARN_DIRECT_OBJC_ISA_USAGE = YES_ERROR;
				CLANG_WARN_DOCUMENTATION_COMMENTS = YES;
				CLANG_WARN_EMPTY_BODY = YES;
				CLANG_WARN_ENUM_CONVERSION = YES;
				CLANG_WARN_INFINITE_RECURSION = YES;
				CLANG_WARN_INT_CONVERSION = YES;
				CLANG_WARN_NON_LITERAL_NULL_CONVERSION = YES;
				CLANG_WARN_OBJC_IMPLICIT_RETAIN_SELF = YES;
				CLANG_WARN_OBJC_LITERAL_CONVERSION = YES;
				CLANG_WARN_OBJC_ROOT_CLASS = YES_ERROR;
				CLANG_WARN_QUOTED_INCLUDE_IN_FRAMEWORK_HEADER = YES;
				CLANG_WARN_RANGE_LOOP_ANALYSIS = YES;
				CLANG_WARN_STRICT_PROTOTYPES = YES;
				CLANG_WARN_SUSPICIOUS_MOVE = YES;
				CLANG_WARN_UNGUARDED_AVAILABILITY = YES_AGGRESSIVE;
				CLANG_WARN_UNREACHABLE_CODE = YES;
				CLANG_WARN__DUPLICATE_METHOD_MATCH = YES;
				COPY_PHASE_STRIP = NO;
				DEBUG_INFORMATION_FORMAT = "dwarf-with-dsym";
				ENABLE_NS_ASSERTIONS = NO;
				ENABLE_STRICT_OBJC_MSGSEND = YES;
				ENABLE_USER_SCRIPT_SANDBOXING = YES;
				GCC_C_LANGUAGE_STANDARD = gnu17;
				GCC_NO_COMMON_BLOCKS = YES;
				GCC_WARN_64_TO_32_BIT_CONVERSION = YES;
				GCC_WARN_ABOUT_RETURN_TYPE = YES_ERROR;
				GCC_WARN_UNDECLARED_SELECTOR = YES;
				GCC_WARN_UNINITIALIZED_AUTOS = YES_AGGRESSIVE;
				GCC_WARN_UNUSED_FUNCTION = YES;
				GCC_WARN_UNUSED_VARIABLE = YES;
				IPHONEOS_DEPLOYMENT_TARGET = 18.4;
				LOCALIZATION_PREFERS_STRING_CATALOGS = YES;
				MTL_ENABLE_DEBUG_INFO = NO;
				MTL_FAST_MATH = YES;
				SDKROOT = iphoneos;
				VALIDATE_PRODUCT = YES;
			};
			name = Release;
		};
		4BDE11522F5EE6F000360967 /* Debug */ = {
			isa = XCBuildConfiguration;
			baseConfigurationReference = 7887A5F3F83D378A4E273D38 /* Pods-MemoryCityTests.debug.xcconfig */;
			buildSettings = {
				BUNDLE_LOADER = "$(TEST_HOST)";
				CODE_SIGN_STYLE = Automatic;
				CURRENT_PROJECT_VERSION = 1;
				DEVELOPMENT_TEAM = JASSJ2R9D6;
				GENERATE_INFOPLIST_FILE = YES;
				IPHONEOS_DEPLOYMENT_TARGET = 18.4;
				MARKETING_VERSION = 1.0;
				PRODUCT_BUNDLE_IDENTIFIER = y.MemoryCityTests;
				PRODUCT_NAME = "$(TARGET_NAME)";
				SWIFT_EMIT_LOC_STRINGS = NO;
				TARGETED_DEVICE_FAMILY = "1,2";
				TEST_HOST = "$(BUILT_PRODUCTS_DIR)/MemoryCity.app/$(BUNDLE_EXECUTABLE_FOLDER_PATH)/MemoryCity";
			};
			name = Debug;
		};
		4BDE11532F5EE6F000360967 /* Release */ = {
			isa = XCBuildConfiguration;
			baseConfigurationReference = DC2B01DB55BA3261DD3AA233 /* Pods-MemoryCityTests.release.xcconfig */;
			buildSettings = {
				BUNDLE_LOADER = "$(TEST_HOST)";
				CODE_SIGN_STYLE = Automatic;
				CURRENT_PROJECT_VERSION = 1;
				DEVELOPMENT_TEAM = JASSJ2R9D6;
				GENERATE_INFOPLIST_FILE = YES;
				IPHONEOS_DEPLOYMENT_TARGET = 18.4;
				MARKETING_VERSION = 1.0;
				PRODUCT_BUNDLE_IDENTIFIER = y.MemoryCityTests;
				PRODUCT_NAME = "$(TARGET_NAME)";
				SWIFT_EMIT_LOC_STRINGS = NO;
				TARGETED_DEVICE_FAMILY = "1,2";
				TEST_HOST = "$(BUILT_PRODUCTS_DIR)/MemoryCity.app/$(BUNDLE_EXECUTABLE_FOLDER_PATH)/MemoryCity";
			};
			name = Release;
		};
		4BDE11552F5EE6F000360967 /* Debug */ = {
			isa = XCBuildConfiguration;
			baseConfigurationReference = 60A7A78D86C3810DBDF62CD8 /* Pods-MemoryCityUITests.debug.xcconfig */;
			buildSettings = {
				CODE_SIGN_STYLE = Automatic;
				CURRENT_PROJECT_VERSION = 1;
				DEVELOPMENT_TEAM = JASSJ2R9D6;
				GENERATE_INFOPLIST_FILE = YES;
				MARKETING_VERSION = 1.0;
				PRODUCT_BUNDLE_IDENTIFIER = y.MemoryCityUITests;
				PRODUCT_NAME = "$(TARGET_NAME)";
				SWIFT_EMIT_LOC_STRINGS = NO;
				TARGETED_DEVICE_FAMILY = "1,2";
				TEST_TARGET_NAME = MemoryCity;
			};
			name = Debug;
		};
		4BDE11562F5EE6F000360967 /* Release */ = {
			isa = XCBuildConfiguration;
			baseConfigurationReference = DE2DCE137CF0AEFF2B947445 /* Pods-MemoryCityUITests.release.xcconfig */;
			buildSettings = {
				CODE_SIGN_STYLE = Automatic;
				CURRENT_PROJECT_VERSION = 1;
				DEVELOPMENT_TEAM = JASSJ2R9D6;
				GENERATE_INFOPLIST_FILE = YES;
				MARKETING_VERSION = 1.0;
				PRODUCT_BUNDLE_IDENTIFIER = y.MemoryCityUITests;
				PRODUCT_NAME = "$(TARGET_NAME)";
				SWIFT_EMIT_LOC_STRINGS = NO;
				TARGETED_DEVICE_FAMILY = "1,2";
				TEST_TARGET_NAME = MemoryCity;
			};
			name = Release;
		};
/* End XCBuildConfiguration section */

/* Begin XCConfigurationList section */
		4BDE11192F5EE6ED00360967 /* Build configuration list for PBXProject "MemoryCity" */ = {
			isa = XCConfigurationList;
			buildConfigurations = (
				4BDE114F2F5EE6F000360967 /* Debug */,
				4BDE11502F5EE6F000360967 /* Release */,
			);
			defaultConfigurationIsVisible = 0;
			defaultConfigurationName = Release;
		};
		4BDE114C2F5EE6F000360967 /* Build configuration list for PBXNativeTarget "MemoryCity" */ = {
			isa = XCConfigurationList;
			buildConfigurations = (
				4BDE114D2F5EE6F000360967 /* Debug */,
				4BDE114E2F5EE6F000360967 /* Release */,
			);
			defaultConfigurationIsVisible = 0;
			defaultConfigurationName = Release;
		};
		4BDE11512F5EE6F000360967 /* Build configuration list for PBXNativeTarget "MemoryCityTests" */ = {
			isa = XCConfigurationList;
			buildConfigurations = (
				4BDE11522F5EE6F000360967 /* Debug */,
				4BDE11532F5EE6F000360967 /* Release */,
			);
			defaultConfigurationIsVisible = 0;
			defaultConfigurationName = Release;
		};
		4BDE11542F5EE6F000360967 /* Build configuration list for PBXNativeTarget "MemoryCityUITests" */ = {
			isa = XCConfigurationList;
			buildConfigurations = (
				4BDE11552F5EE6F000360967 /* Debug */,
				4BDE11562F5EE6F000360967 /* Release */,
			);
			defaultConfigurationIsVisible = 0;
			defaultConfigurationName = Release;
		};
/* End XCConfigurationList section */
	};
	rootObject = 4BDE11162F5EE6ED00360967 /* Project object */;
}
